
Microsoft Visual Studio Solution File, Format Version 12.00
# Visual Studio Version 17
VisualStudioVersion = 17.12.35506.116 d17.12
MinimumVisualStudioVersion = 10.0.40219.1
Project("{FAE04EC0-301F-11D3-BF4B-00C04F79EFBC}") = "EventsDispatcher", "EventsDispatcher\EventsDispatcher.csproj", "{9FF85234-A879-46AD-90C4-4603C811B599}"
EndProject
Project("{FAE04EC0-301F-11D3-BF4B-00C04F79EFBC}") = "EventsDispatcher.Tests", "EventsDispatcher.Tests\EventsDispatcher.Tests.csproj", "{E7B6EAB2-D0CC-4BE1-B173-EFA7A31184C2}"
EndProject
Project("{2150E333-8FDC-42A3-9474-1A3956D46DE8}") = "Solution Items", "Solution Items", "{4B520FAA-67EF-4298-A49A-63A3AACCBA7F}"
	ProjectSection(SolutionItems) = preProject
		.editorconfig = .editorconfig
	EndProjectSection
EndProject
Global
	GlobalSection(SolutionConfigurationPlatforms) = preSolution
		Debug|Any CPU = Debug|Any CPU
		Release|Any CPU = Release|Any CPU
	EndGlobalSection
	GlobalSection(ProjectConfigurationPlatforms) = postSolution
		{9FF85234-A879-46AD-90C4-4603C811B599}.Debug|Any CPU.ActiveCfg = Debug|Any CPU
		{9FF85234-A879-46AD-90C4-4603C811B599}.Debug|Any CPU.Build.0 = Debug|Any CPU
		{9FF85234-A879-46AD-90C4-4603C811B599}.Release|Any CPU.ActiveCfg = Release|Any CPU
		{9FF85234-A879-46AD-90C4-4603C811B599}.Release|Any CPU.Build.0 = Release|Any CPU
		{E7B6EAB2-D0CC-4BE1-B173-EFA7A31184C2}.Debug|Any CPU.ActiveCfg = Debug|Any CPU
		{E7B6EAB2-D0CC-4BE1-B173-EFA7A31184C2}.Debug|Any CPU.Build.0 = Debug|Any CPU
		{E7B6EAB2-D0CC-4BE1-B173-EFA7A31184C2}.Release|Any CPU.ActiveCfg = Release|Any CPU
		{E7B6EAB2-D0CC-4BE1-B173-EFA7A31184C2}.Release|Any CPU.Build.0 = Release|Any CPU
	EndGlobalSection
	GlobalSection(SolutionProperties) = preSolution
		HideSolutionNode = FALSE
	EndGlobalSection
EndGlobal
